// !$*UTF8*$!
{
	archiveVersion = 1;
	classes = {
	};
	objectVersion = 56;
	objects = {

/* Begin PBXBuildFile section */
		B52A1BF22BF2E0D000790FD9 /* main.swift in Sources */ = {isa = PBXBuildFile; fileRef = B52A1BF12BF2E0D000790FD9 /* main.swift */; };
		B52A1BF92BF2E32800790FD9 /* SimpleAudioPlayer.swift in Sources */ = {isa = PBXBuildFile; fileRef = B52A1BF82BF2E32800790FD9 /* SimpleAudioPlayer.swift */; };
		B52A1BFB2BF2E33F00790FD9 /* AudioPlayerStateMachine.swift in Sources */ = {isa = PBXBuildFile; fileRef = B52A1BFA2BF2E33F00790FD9 /* AudioPlayerStateMachine.swift */; };
		B52A1BFE2BF2E37500790FD9 /* State.swift in Sources */ = {isa = PBXBuildFile; fileRef = B52A1BFD2BF2E37500790FD9 /* State.swift */; };
		B52A1C002BF2E38E00790FD9 /* StopState.swift in Sources */ = {isa = PBXBuildFile; fileRef = B52A1BFF2BF2E38E00790FD9 /* StopState.swift */; };
		B52A1C022BF2E3A000790FD9 /* PlayState.swift in Sources */ = {isa = PBXBuildFile; fileRef = B52A1C012BF2E3A000790FD9 /* PlayState.swift */; };
		B52A1C042BF2E3B000790FD9 /* PauseState.swift in Sources */ = {isa = PBXBuildFile; fileRef = B52A1C032BF2E3B000790FD9 /* PauseState.swift */; };
		B52A1C062BF2E3C900790FD9 /* AudioPlayerEvent.swift in Sources */ = {isa = PBXBuildFile; fileRef = B52A1C052BF2E3C900790FD9 /* AudioPlayerEvent.swift */; };
		B52A1C192BF3356000790FD9 /* SimpleAudioPlayer_StatePatternTest.swift in Sources */ = {isa = PBXBuildFile; fileRef = B52A1C182BF3356000790FD9 /* SimpleAudioPlayer_StatePatternTest.swift */; };
		B52A1C1D2BF335FE00790FD9 /* PauseState.swift in Sources */ = {isa = PBXBuildFile; fileRef = B52A1C032BF2E3B000790FD9 /* PauseState.swift */; };
		B52A1C1E2BF3360100790FD9 /* PlayState.swift in Sources */ = {isa = PBXBuildFile; fileRef = B52A1C012BF2E3A000790FD9 /* PlayState.swift */; };
		B52A1C1F2BF3360300790FD9 /* StopState.swift in Sources */ = {isa = PBXBuildFile; fileRef = B52A1BFF2BF2E38E00790FD9 /* StopState.swift */; };
		B52A1C202BF3360600790FD9 /* State.swift in Sources */ = {isa = PBXBuildFile; fileRef = B52A1BFD2BF2E37500790FD9 /* State.swift */; };
		B52A1C212BF3360900790FD9 /* SimpleAudioPlayer.swift in Sources */ = {isa = PBXBuildFile; fileRef = B52A1BF82BF2E32800790FD9 /* SimpleAudioPlayer.swift */; };
		B52A1C222BF3360C00790FD9 /* AudioPlayerStateMachine.swift in Sources */ = {isa = PBXBuildFile; fileRef = B52A1BFA2BF2E33F00790FD9 /* AudioPlayerStateMachine.swift */; };
		B52A1C232BF3360F00790FD9 /* AudioPlayerEvent.swift in Sources */ = {isa = PBXBuildFile; fileRef = B52A1C052BF2E3C900790FD9 /* AudioPlayerEvent.swift */; };
		B52A1C252BF3B0BF00790FD9 /* RewindState.swift in Sources */ = {isa = PBXBuildFile; fileRef = B52A1C242BF3B0BF00790FD9 /* RewindState.swift */; };
		B52A1C262BF3B17C00790FD9 /* RewindState.swift in Sources */ = {isa = PBXBuildFile; fileRef = B52A1C242BF3B0BF00790FD9 /* RewindState.swift */; };
/* End PBXBuildFile section */

/* Begin PBXCopyFilesBuildPhase section */
		B52A1BEC2BF2E0D000790FD9 /* CopyFiles */ = {
			isa = PBXCopyFilesBuildPhase;
			buildActionMask = 2147483647;
			dstPath = /usr/share/man/man1/;
			dstSubfolderSpec = 0;
			files = (
			);
			runOnlyForDeploymentPostprocessing = 1;
		};
/* End PBXCopyFilesBuildPhase section */

/* Begin PBXFileReference section */
		B52A1BEE2BF2E0D000790FD9 /* SimpleAudioPlayer_StatePattern */ = {isa = PBXFileReference; explicitFileType = "compiled.mach-o.executable"; includeInIndex = 0; path = SimpleAudioPlayer_StatePattern; sourceTree = BUILT_PRODUCTS_DIR; };
		B52A1BF12BF2E0D000790FD9 /* main.swift */ = {isa = PBXFileReference; lastKnownFileType = sourcecode.swift; path = main.swift; sourceTree = "<group>"; };
		B52A1BF82BF2E32800790FD9 /* SimpleAudioPlayer.swift */ = {isa = PBXFileReference; lastKnownFileType = sourcecode.swift; path = SimpleAudioPlayer.swift; sourceTree = "<group>"; };
		B52A1BFA2BF2E33F00790FD9 /* AudioPlayerStateMachine.swift */ = {isa = PBXFileReference; lastKnownFileType = sourcecode.swift; path = AudioPlayerStateMachine.swift; sourceTree = "<group>"; };
		B52A1BFD2BF2E37500790FD9 /* State.swift */ = {isa = PBXFileReference; lastKnownFileType = sourcecode.swift; path = State.swift; sourceTree = "<group>"; };
		B52A1BFF2BF2E38E00790FD9 /* StopState.swift */ = {isa = PBXFileReference; lastKnownFileType = sourcecode.swift; path = StopState.swift; sourceTree = "<group>"; };
		B52A1C012BF2E3A000790FD9 /* PlayState.swift */ = {isa = PBXFileReference; lastKnownFileType = sourcecode.swift; path = PlayState.swift; sourceTree = "<group>"; };
		B52A1C032BF2E3B000790FD9 /* PauseState.swift */ = {isa = PBXFileReference; lastKnownFileType = sourcecode.swift; path = PauseState.swift; sourceTree = "<group>"; };
		B52A1C052BF2E3C900790FD9 /* AudioPlayerEvent.swift */ = {isa = PBXFileReference; lastKnownFileType = sourcecode.swift; path = AudioPlayerEvent.swift; sourceTree = "<group>"; };
		B52A1C162BF3356000790FD9 /* SimpleAudioPlayer_StatePatternTest.xctest */ = {isa = PBXFileReference; explicitFileType = wrapper.cfbundle; includeInIndex = 0; path = SimpleAudioPlayer_StatePatternTest.xctest; sourceTree = BUILT_PRODUCTS_DIR; };
		B52A1C182BF3356000790FD9 /* SimpleAudioPlayer_StatePatternTest.swift */ = {isa = PBXFileReference; lastKnownFileType = sourcecode.swift; path = SimpleAudioPlayer_StatePatternTest.swift; sourceTree = "<group>"; };
		B52A1C242BF3B0BF00790FD9 /* RewindState.swift */ = {isa = PBXFileReference; lastKnownFileType = sourcecode.swift; path = RewindState.swift; sourceTree = "<group>"; };
/* End PBXFileReference section */

/* Begin PBXFrameworksBuildPhase section */
		B52A1BEB2BF2E0D000790FD9 /* Frameworks */ = {
			isa = PBXFrameworksBuildPhase;
			buildActionMask = 2147483647;
			files = (
			);
			runOnlyForDeploymentPostprocessing = 0;
		};
		B52A1C132BF3356000790FD9 /* Frameworks */ = {
			isa = PBXFrameworksBuildPhase;
			buildActionMask = 2147483647;
			files = (
			);
			runOnlyForDeploymentPostprocessing = 0;
		};
/* End PBXFrameworksBuildPhase section */

/* Begin PBXGroup section */
		B52A1BE52BF2E0D000790FD9 = {
			isa = PBXGroup;
			children = (
				B52A1BF02BF2E0D000790FD9 /* SimpleAudioPlayer_StatePattern */,
				B52A1C172BF3356000790FD9 /* SimpleAudioPlayer_StatePatternTest */,
				B52A1BEF2BF2E0D000790FD9 /* Products */,
			);
			sourceTree = "<group>";
		};
		B52A1BEF2BF2E0D000790FD9 /* Products */ = {
			isa = PBXGroup;
			children = (
				B52A1BEE2BF2E0D000790FD9 /* SimpleAudioPlayer_StatePattern */,
				B52A1C162BF3356000790FD9 /* SimpleAudioPlayer_StatePatternTest.xctest */,
			);
			name = Products;
			sourceTree = "<group>";
		};
		B52A1BF02BF2E0D000790FD9 /* SimpleAudioPlayer_StatePattern */ = {
			isa = PBXGroup;
			children = (
				B52A1BFC2BF2E34F00790FD9 /* States */,
				B52A1BF12BF2E0D000790FD9 /* main.swift */,
				B52A1BF82BF2E32800790FD9 /* SimpleAudioPlayer.swift */,
				B52A1BFA2BF2E33F00790FD9 /* AudioPlayerStateMachine.swift */,
				B52A1C052BF2E3C900790FD9 /* AudioPlayerEvent.swift */,
			);
			path = SimpleAudioPlayer_StatePattern;
			sourceTree = "<group>";
		};
		B52A1BFC2BF2E34F00790FD9 /* States */ = {
			isa = PBXGroup;
			children = (
				B52A1BFD2BF2E37500790FD9 /* State.swift */,
				B52A1BFF2BF2E38E00790FD9 /* StopState.swift */,
				B52A1C012BF2E3A000790FD9 /* PlayState.swift */,
				B52A1C032BF2E3B000790FD9 /* PauseState.swift */,
				B52A1C242BF3B0BF00790FD9 /* RewindState.swift */,
			);
			path = States;
			sourceTree = "<group>";
		};
		B52A1C172BF3356000790FD9 /* SimpleAudioPlayer_StatePatternTest */ = {
			isa = PBXGroup;
			children = (
				B52A1C182BF3356000790FD9 /* SimpleAudioPlayer_StatePatternTest.swift */,
			);
			path = SimpleAudioPlayer_StatePatternTest;
			sourceTree = "<group>";
		};
/* End PBXGroup section */

/* Begin PBXNativeTarget section */
		B52A1BED2BF2E0D000790FD9 /* SimpleAudioPlayer_StatePattern */ = {
			isa = PBXNativeTarget;
			buildConfigurationList = B52A1BF52BF2E0D000790FD9 /* Build configuration list for PBXNativeTarget "SimpleAudioPlayer_StatePattern" */;
			buildPhases = (
				B52A1BEA2BF2E0D000790FD9 /* Sources */,
				B52A1BEB2BF2E0D000790FD9 /* Frameworks */,
				B52A1BEC2BF2E0D000790FD9 /* CopyFiles */,
			);
			buildRules = (
			);
			dependencies = (
			);
			name = SimpleAudioPlayer_StatePattern;
			productName = SimpleAudioPlayer_StatePattern;
			productReference = B52A1BEE2BF2E0D000790FD9 /* SimpleAudioPlayer_StatePattern */;
			productType = "com.apple.product-type.tool";
		};
		B52A1C152BF3356000790FD9 /* SimpleAudioPlayer_StatePatternTest */ = {
			isa = PBXNativeTarget;
			buildConfigurationList = B52A1C1A2BF3356000790FD9 /* Build configuration list for PBXNativeTarget "SimpleAudioPlayer_StatePatternTest" */;
			buildPhases = (
				B52A1C122BF3356000790FD9 /* Sources */,
				B52A1C132BF3356000790FD9 /* Frameworks */,
				B52A1C142BF3356000790FD9 /* Resources */,
			);
			buildRules = (
			);
			dependencies = (
			);
			name = SimpleAudioPlayer_StatePatternTest;
			productName = SimpleAudioPlayer_StatePatternTest;
			productReference = B52A1C162BF3356000790FD9 /* SimpleAudioPlayer_StatePatternTest.xctest */;
			productType = "com.apple.product-type.bundle.unit-test";
		};
/* End PBXNativeTarget section */

/* Begin PBXProject section */
		B52A1BE62BF2E0D000790FD9 /* Project object */ = {
			isa = PBXProject;
			attributes = {
				BuildIndependentTargetsInParallel = 1;
				LastSwiftUpdateCheck = 1530;
				LastUpgradeCheck = 1530;
				TargetAttributes = {
					B52A1BED2BF2E0D000790FD9 = {
						CreatedOnToolsVersion = 15.3;
					};
					B52A1C152BF3356000790FD9 = {
						CreatedOnToolsVersion = 15.3;
					};
				};
			};
			buildConfigurationList = B52A1BE92BF2E0D000790FD9 /* Build configuration list for PBXProject "SimpleAudioPlayer_StatePattern" */;
			compatibilityVersion = "Xcode 14.0";
			developmentRegion = en;
			hasScannedForEncodings = 0;
			knownRegions = (
				en,
				Base,
			);
			mainGroup = B52A1BE52BF2E0D000790FD9;
			productRefGroup = B52A1BEF2BF2E0D000790FD9 /* Products */;
			projectDirPath = "";
			projectRoot = "";
			targets = (
				B52A1BED2BF2E0D000790FD9 /* SimpleAudioPlayer_StatePattern */,
				B52A1C152BF3356000790FD9 /* SimpleAudioPlayer_StatePatternTest */,
			);
		};
/* End PBXProject section */

/* Begin PBXResourcesBuildPhase section */
		B52A1C142BF3356000790FD9 /* Resources */ = {
			isa = PBXResourcesBuildPhase;
			buildActionMask = 2147483647;
			files = (
			);
			runOnlyForDeploymentPostprocessing = 0;
		};
/* End PBXResourcesBuildPhase section */

/* Begin PBXSourcesBuildPhase section */
		B52A1BEA2BF2E0D000790FD9 /* Sources */ = {
			isa = PBXSourcesBuildPhase;
			buildActionMask = 2147483647;
			files = (
				B52A1BFB2BF2E33F00790FD9 /* AudioPlayerStateMachine.swift in Sources */,
				B52A1C042BF2E3B000790FD9 /* PauseState.swift in Sources */,
				B52A1C062BF2E3C900790FD9 /* AudioPlayerEvent.swift in Sources */,
				B52A1BF22BF2E0D000790FD9 /* main.swift in Sources */,
				B52A1C252BF3B0BF00790FD9 /* RewindState.swift in Sources */,
				B52A1C002BF2E38E00790FD9 /* StopState.swift in Sources */,
				B52A1BF92BF2E32800790FD9 /* SimpleAudioPlayer.swift in Sources */,
				B52A1BFE2BF2E37500790FD9 /* State.swift in Sources */,
				B52A1C022BF2E3A000790FD9 /* PlayState.swift in Sources */,
			);
			runOnlyForDeploymentPostprocessing = 0;
		};
		B52A1C122BF3356000790FD9 /* Sources */ = {
			isa = PBXSourcesBuildPhase;
			buildActionMask = 2147483647;
			files = (
				B52A1C1D2BF335FE00790FD9 /* PauseState.swift in Sources */,
				B52A1C212BF3360900790FD9 /* SimpleAudioPlayer.swift in Sources */,
				B52A1C232BF3360F00790FD9 /* AudioPlayerEvent.swift in Sources */,
				B52A1C1F2BF3360300790FD9 /* StopState.swift in Sources */,
				B52A1C262BF3B17C00790FD9 /* RewindState.swift in Sources */,
				B52A1C222BF3360C00790FD9 /* AudioPlayerStateMachine.swift in Sources */,
				B52A1C192BF3356000790FD9 /* SimpleAudioPlayer_StatePatternTest.swift in Sources */,
				B52A1C202BF3360600790FD9 /* State.swift in Sources */,
				B52A1C1E2BF3360100790FD9 /* PlayState.swift in Sources */,
			);
			runOnlyForDeploymentPostprocessing = 0;
		};
/* End PBXSourcesBuildPhase section */

/* Begin XCBuildConfiguration section */
		B52A1BF32BF2E0D000790FD9 /* Debug */ = {
			isa = XCBuildConfiguration;
			buildSettings = {
				ALWAYS_SEARCH_USER_PATHS = NO;
				ASSETCATALOG_COMPILER_GENERATE_SWIFT_ASSET_SYMBOL_EXTENSIONS = YES;
				CLANG_ANALYZER_NONNULL = YES;
				CLANG_ANALYZER_NUMBER_OBJECT_CONVERSION = YES_AGGRESSIVE;
				CLANG_CXX_LANGUAGE_STANDARD = "gnu++20";
				CLANG_ENABLE_MODULES = YES;
				CLANG_ENABLE_OBJC_ARC = YES;
				CLANG_ENABLE_OBJC_WEAK = YES;
				CLANG_WARN_BLOCK_CAPTURE_AUTORELEASING = YES;
				CLANG_WARN_BOOL_CONVERSION = YES;
				CLANG_WARN_COMMA = YES;
				CLANG_WARN_CONSTANT_CONVERSION = YES;
				CLANG_WARN_DEPRECATED_OBJC_IMPLEMENTATIONS = YES;
				CLANG_WARN_DIRECT_OBJC_ISA_USAGE = YES_ERROR;
				CLANG_WARN_DOCUMENTATION_COMMENTS = YES;
				CLANG_WARN_EMPTY_BODY = YES;
				CLANG_WARN_ENUM_CONVERSION = YES;
				CLANG_WARN_INFINITE_RECURSION = YES;
				CLANG_WARN_INT_CONVERSION = YES;
				CLANG_WARN_NON_LITERAL_NULL_CONVERSION = YES;
				CLANG_WARN_OBJC_IMPLICIT_RETAIN_SELF = YES;
				CLANG_WARN_OBJC_LITERAL_CONVERSION = YES;
				CLANG_WARN_OBJC_ROOT_CLASS = YES_ERROR;
				CLANG_WARN_QUOTED_INCLUDE_IN_FRAMEWORK_HEADER = YES;
				CLANG_WARN_RANGE_LOOP_ANALYSIS = YES;
				CLANG_WARN_STRICT_PROTOTYPES = YES;
				CLANG_WARN_SUSPICIOUS_MOVE = YES;
				CLANG_WARN_UNGUARDED_AVAILABILITY = YES_AGGRESSIVE;
				CLANG_WARN_UNREACHABLE_CODE = YES;
				CLANG_WARN__DUPLICATE_METHOD_MATCH = YES;
				COPY_PHASE_STRIP = NO;
				DEBUG_INFORMATION_FORMAT = dwarf;
				ENABLE_STRICT_OBJC_MSGSEND = YES;
				ENABLE_TESTABILITY = YES;
				ENABLE_USER_SCRIPT_SANDBOXING = YES;
				GCC_C_LANGUAGE_STANDARD = gnu17;
				GCC_DYNAMIC_NO_PIC = NO;
				GCC_NO_COMMON_BLOCKS = YES;
				GCC_OPTIMIZATION_LEVEL = 0;
				GCC_PREPROCESSOR_DEFINITIONS = (
					"DEBUG=1",
					"$(inherited)",
				);
				GCC_WARN_64_TO_32_BIT_CONVERSION = YES;
				GCC_WARN_ABOUT_RETURN_TYPE = YES_ERROR;
				GCC_WARN_UNDECLARED_SELECTOR = YES;
				GCC_WARN_UNINITIALIZED_AUTOS = YES_AGGRESSIVE;
				GCC_WARN_UNUSED_FUNCTION = YES;
				GCC_WARN_UNUSED_VARIABLE = YES;
				LOCALIZATION_PREFERS_STRING_CATALOGS = YES;
				MACOSX_DEPLOYMENT_TARGET = 14.3;
				MTL_ENABLE_DEBUG_INFO = INCLUDE_SOURCE;
				MTL_FAST_MATH = YES;
				ONLY_ACTIVE_ARCH = YES;
				SDKROOT = macosx;
				SWIFT_ACTIVE_COMPILATION_CONDITIONS = "DEBUG $(inherited)";
				SWIFT_OPTIMIZATION_LEVEL = "-Onone";
			};
			name = Debug;
		};
		B52A1BF42BF2E0D000790FD9 /* Release */ = {
			isa = XCBuildConfiguration;
			buildSettings = {
				ALWAYS_SEARCH_USER_PATHS = NO;
				ASSETCATALOG_COMPILER_GENERATE_SWIFT_ASSET_SYMBOL_EXTENSIONS = YES;
				CLANG_ANALYZER_NONNULL = YES;
				CLANG_ANALYZER_NUMBER_OBJECT_CONVERSION = YES_AGGRESSIVE;
				CLANG_CXX_LANGUAGE_STANDARD = "gnu++20";
				CLANG_ENABLE_MODULES = YES;
				CLANG_ENABLE_OBJC_ARC = YES;
				CLANG_ENABLE_OBJC_WEAK = YES;
				CLANG_WARN_BLOCK_CAPTURE_AUTORELEASING = YES;
				CLANG_WARN_BOOL_CONVERSION = YES;
				CLANG_WARN_COMMA = YES;
				CLANG_WARN_CONSTANT_CONVERSION = YES;
				CLANG_WARN_DEPRECATED_OBJC_IMPLEMENTATIONS = YES;
				CLANG_WARN_DIRECT_OBJC_ISA_USAGE = YES_ERROR;
				CLANG_WARN_DOCUMENTATION_COMMENTS = YES;
				CLANG_WARN_EMPTY_BODY = YES;
				CLANG_WARN_ENUM_CONVERSION = YES;
				CLANG_WARN_INFINITE_RECURSION = YES;
				CLANG_WARN_INT_CONVERSION = YES;
				CLANG_WARN_NON_LITERAL_NULL_CONVERSION = YES;
				CLANG_WARN_OBJC_IMPLICIT_RETAIN_SELF = YES;
				CLANG_WARN_OBJC_LITERAL_CONVERSION = YES;
				CLANG_WARN_OBJC_ROOT_CLASS = YES_ERROR;
				CLANG_WARN_QUOTED_INCLUDE_IN_FRAMEWORK_HEADER = YES;
				CLANG_WARN_RANGE_LOOP_ANALYSIS = YES;
				CLANG_WARN_STRICT_PROTOTYPES = YES;
				CLANG_WARN_SUSPICIOUS_MOVE = YES;
				CLANG_WARN_UNGUARDED_AVAILABILITY = YES_AGGRESSIVE;
				CLANG_WARN_UNREACHABLE_CODE = YES;
				CLANG_WARN__DUPLICATE_METHOD_MATCH = YES;
				COPY_PHASE_STRIP = NO;
				DEBUG_INFORMATION_FORMAT = "dwarf-with-dsym";
				ENABLE_NS_ASSERTIONS = NO;
				ENABLE_STRICT_OBJC_MSGSEND = YES;
				ENABLE_USER_SCRIPT_SANDBOXING = YES;
				GCC_C_LANGUAGE_STANDARD = gnu17;
				GCC_NO_COMMON_BLOCKS = YES;
				GCC_WARN_64_TO_32_BIT_CONVERSION = YES;
				GCC_WARN_ABOUT_RETURN_TYPE = YES_ERROR;
				GCC_WARN_UNDECLARED_SELECTOR = YES;
				GCC_WARN_UNINITIALIZED_AUTOS = YES_AGGRESSIVE;
				GCC_WARN_UNUSED_FUNCTION = YES;
				GCC_WARN_UNUSED_VARIABLE = YES;
				LOCALIZATION_PREFERS_STRING_CATALOGS = YES;
				MACOSX_DEPLOYMENT_TARGET = 14.3;
				MTL_ENABLE_DEBUG_INFO = NO;
				MTL_FAST_MATH = YES;
				SDKROOT = macosx;
				SWIFT_COMPILATION_MODE = wholemodule;
			};
			name = Release;
		};
		B52A1BF62BF2E0D000790FD9 /* Debug */ = {
			isa = XCBuildConfiguration;
			buildSettings = {
				CODE_SIGN_STYLE = Automatic;
				DEVELOPMENT_TEAM = LHJA6J73E9;
				ENABLE_HARDENED_RUNTIME = YES;
				PRODUCT_NAME = "$(TARGET_NAME)";
				SWIFT_VERSION = 5.0;
			};
			name = Debug;
		};
		B52A1BF72BF2E0D000790FD9 /* Release */ = {
			isa = XCBuildConfiguration;
			buildSettings = {
				CODE_SIGN_STYLE = Automatic;
				DEVELOPMENT_TEAM = LHJA6J73E9;
				ENABLE_HARDENED_RUNTIME = YES;
				PRODUCT_NAME = "$(TARGET_NAME)";
				SWIFT_VERSION = 5.0;
			};
			name = Release;
		};
		B52A1C1B2BF3356000790FD9 /* Debug */ = {
			isa = XCBuildConfiguration;
			buildSettings = {
				CODE_SIGN_STYLE = Automatic;
				CURRENT_PROJECT_VERSION = 1;
				DEVELOPMENT_TEAM = LHJA6J73E9;
				GENERATE_INFOPLIST_FILE = YES;
				MARKETING_VERSION = 1.0;
				PRODUCT_BUNDLE_IDENTIFIER = "com.swiftandtips.SimpleAudioPlayer-StatePatternTest";
				PRODUCT_NAME = "$(TARGET_NAME)";
				SWIFT_EMIT_LOC_STRINGS = NO;
				SWIFT_VERSION = 5.0;
			};
			name = Debug;
		};
		B52A1C1C2BF3356000790FD9 /* Release */ = {
			isa = XCBuildConfiguration;
			buildSettings = {
				CODE_SIGN_STYLE = Automatic;
				CURRENT_PROJECT_VERSION = 1;
				DEVELOPMENT_TEAM = LHJA6J73E9;
				GENERATE_INFOPLIST_FILE = YES;
				MARKETING_VERSION = 1.0;
				PRODUCT_BUNDLE_IDENTIFIER = "com.swiftandtips.SimpleAudioPlayer-StatePatternTest";
				PRODUCT_NAME = "$(TARGET_NAME)";
				SWIFT_EMIT_LOC_STRINGS = NO;
				SWIFT_VERSION = 5.0;
			};
			name = Release;
		};
/* End XCBuildConfiguration section */

/* Begin XCConfigurationList section */
		B52A1BE92BF2E0D000790FD9 /* Build configuration list for PBXProject "SimpleAudioPlayer_StatePattern" */ = {
			isa = XCConfigurationList;
			buildConfigurations = (
				B52A1BF32BF2E0D000790FD9 /* Debug */,
				B52A1BF42BF2E0D000790FD9 /* Release */,
			);
			defaultConfigurationIsVisible = 0;
			defaultConfigurationName = Release;
		};
		B52A1BF52BF2E0D000790FD9 /* Build configuration list for PBXNativeTarget "SimpleAudioPlayer_StatePattern" */ = {
			isa = XCConfigurationList;
			buildConfigurations = (
				B52A1BF62BF2E0D000790FD9 /* Debug */,
				B52A1BF72BF2E0D000790FD9 /* Release */,
			);
			defaultConfigurationIsVisible = 0;
			defaultConfigurationName = Release;
		};
		B52A1C1A2BF3356000790FD9 /* Build configuration list for PBXNativeTarget "SimpleAudioPlayer_StatePatternTest" */ = {
			isa = XCConfigurationList;
			buildConfigurations = (
				B52A1C1B2BF3356000790FD9 /* Debug */,
				B52A1C1C2BF3356000790FD9 /* Release */,
			);
			defaultConfigurationIsVisible = 0;
			defaultConfigurationName = Release;
		};
/* End XCConfigurationList section */
	};
	rootObject = B52A1BE62BF2E0D000790FD9 /* Project object */;
}
